
Microsoft Visual Studio Solution File, Format Version 12.00
# Visual Studio 2013
VisualStudioVersion = 12.0.40629.0
MinimumVisualStudioVersion = 10.0.40219.1
Project("{8BC9CEB8-8B4A-11D0-8D11-00A0C91BC942}") = "ListTable", "ListTable\ListTable.vcxproj", "{065E9CA3-32DF-4719-BDF3-3EC4A09FA684}"
EndProject
Project("{8BC9CEB8-8B4A-11D0-8D11-00A0C91BC942}") = "Stack", "Stack\Stack.vcxproj", "{BEA85B5A-96CE-4201-B918-3C56F2EAF66A}"
EndProject
Project("{8BC9CEB8-8B4A-11D0-8D11-00A0C91BC942}") = "QueueTest", "QueueTest\QueueTest.vcxproj", "{0FBBE1E0-B577-41E9-85CC-11E16466FD4B}"
EndProject
Project("{8BC9CEB8-8B4A-11D0-8D11-00A0C91BC942}") = "Tree", "Tree\Tree.vcxproj", "{8D7D9EDD-2970-4835-BE76-7BE02355AB53}"
EndProject
Global
	GlobalSection(SolutionConfigurationPlatforms) = preSolution
		Debug|Win32 = Debug|Win32
		Release|Win32 = Release|Win32
	EndGlobalSection
	GlobalSection(ProjectConfigurationPlatforms) = postSolution
		{065E9CA3-32DF-4719-BDF3-3EC4A09FA684}.Debug|Win32.ActiveCfg = Debug|Win32
		{065E9CA3-32DF-4719-BDF3-3EC4A09FA684}.Debug|Win32.Build.0 = Debug|Win32
		{065E9CA3-32DF-4719-BDF3-3EC4A09FA684}.Release|Win32.ActiveCfg = Release|Win32
		{065E9CA3-32DF-4719-BDF3-3EC4A09FA684}.Release|Win32.Build.0 = Release|Win32
		{BEA85B5A-96CE-4201-B918-3C56F2EAF66A}.Debug|Win32.ActiveCfg = Debug|Win32
		{BEA85B5A-96CE-4201-B918-3C56F2EAF66A}.Debug|Win32.Build.0 = Debug|Win32
		{BEA85B5A-96CE-4201-B918-3C56F2EAF66A}.Release|Win32.ActiveCfg = Release|Win32
		{BEA85B5A-96CE-4201-B918-3C56F2EAF66A}.Release|Win32.Build.0 = Release|Win32
		{0FBBE1E0-B577-41E9-85CC-11E16466FD4B}.Debug|Win32.ActiveCfg = Debug|Win32
		{0FBBE1E0-B577-41E9-85CC-11E16466FD4B}.Debug|Win32.Build.0 = Debug|Win32
		{0FBBE1E0-B577-41E9-85CC-11E16466FD4B}.Release|Win32.ActiveCfg = Release|Win32
		{0FBBE1E0-B577-41E9-85CC-11E16466FD4B}.Release|Win32.Build.0 = Release|Win32
		{8D7D9EDD-2970-4835-BE76-7BE02355AB53}.Debug|Win32.ActiveCfg = Debug|Win32
		{8D7D9EDD-2970-4835-BE76-7BE02355AB53}.Debug|Win32.Build.0 = Debug|Win32
		{8D7D9EDD-2970-4835-BE76-7BE02355AB53}.Release|Win32.ActiveCfg = Release|Win32
		{8D7D9EDD-2970-4835-BE76-7BE02355AB53}.Release|Win32.Build.0 = Release|Win32
	EndGlobalSection
	GlobalSection(SolutionProperties) = preSolution
		HideSolutionNode = FALSE
	EndGlobalSection
EndGlobal
